
Microsoft Visual Studio Solution File, Format Version 12.00
# Visual Studio 15
VisualStudioVersion = 15.0.27703.2047
MinimumVisualStudioVersion = 10.0.40219.1
Project("{FAE04EC0-301F-11D3-BF4B-00C04F79EFBC}") = "Clase.29.10", "Clase.29.10\Clase.29.10.csproj", "{B4F4E1E3-DA6A-40F4-822F-8163E5530281}"
EndProject
Project("{FAE04EC0-301F-11D3-BF4B-00C04F79EFBC}") = "Test", "Test\Test.csproj", "{9EDA7C1F-4641-42ED-BFED-59A83A8DC3F6}"
EndProject
Global
	GlobalSection(SolutionConfigurationPlatforms) = preSolution
		Debug|Any CPU = Debug|Any CPU
		Release|Any CPU = Release|Any CPU
	EndGlobalSection
	GlobalSection(ProjectConfigurationPlatforms) = postSolution
		{B4F4E1E3-DA6A-40F4-822F-8163E5530281}.Debug|Any CPU.ActiveCfg = Debug|Any CPU
		{B4F4E1E3-DA6A-40F4-822F-8163E5530281}.Debug|Any CPU.Build.0 = Debug|Any CPU
		{B4F4E1E3-DA6A-40F4-822F-8163E5530281}.Release|Any CPU.ActiveCfg = Release|Any CPU
		{B4F4E1E3-DA6A-40F4-822F-8163E5530281}.Release|Any CPU.Build.0 = Release|Any CPU
		{9EDA7C1F-4641-42ED-BFED-59A83A8DC3F6}.Debug|Any CPU.ActiveCfg = Debug|Any CPU
		{9EDA7C1F-4641-42ED-BFED-59A83A8DC3F6}.Debug|Any CPU.Build.0 = Debug|Any CPU
		{9EDA7C1F-4641-42ED-BFED-59A83A8DC3F6}.Release|Any CPU.ActiveCfg = Release|Any CPU
		{9EDA7C1F-4641-42ED-BFED-59A83A8DC3F6}.Release|Any CPU.Build.0 = Release|Any CPU
	EndGlobalSection
	GlobalSection(SolutionProperties) = preSolution
		HideSolutionNode = FALSE
	EndGlobalSection
	GlobalSection(ExtensibilityGlobals) = postSolution
		SolutionGuid = {70D937A3-A42B-4559-90B9-AC738A4399A0}
	EndGlobalSection
EndGlobal
