
Microsoft Visual Studio Solution File, Format Version 12.00
# Visual Studio 15
VisualStudioVersion = 15.0.27703.2047
MinimumVisualStudioVersion = 10.0.40219.1
Project("{FAE04EC0-301F-11D3-BF4B-00C04F79EFBC}") = "Entidades", "Entidades\Entidades.csproj", "{07387B07-4BEC-46BD-97F0-D3611E7E008B}"
EndProject
Project("{FAE04EC0-301F-11D3-BF4B-00C04F79EFBC}") = "Test", "Test\Test.csproj", "{39498FC8-E1F4-4FED-811C-2F16A3FC5E97}"
EndProject
Global
	GlobalSection(SolutionConfigurationPlatforms) = preSolution
		Debug|Any CPU = Debug|Any CPU
		Release|Any CPU = Release|Any CPU
	EndGlobalSection
	GlobalSection(ProjectConfigurationPlatforms) = postSolution
		{07387B07-4BEC-46BD-97F0-D3611E7E008B}.Debug|Any CPU.ActiveCfg = Debug|Any CPU
		{07387B07-4BEC-46BD-97F0-D3611E7E008B}.Debug|Any CPU.Build.0 = Debug|Any CPU
		{07387B07-4BEC-46BD-97F0-D3611E7E008B}.Release|Any CPU.ActiveCfg = Release|Any CPU
		{07387B07-4BEC-46BD-97F0-D3611E7E008B}.Release|Any CPU.Build.0 = Release|Any CPU
		{39498FC8-E1F4-4FED-811C-2F16A3FC5E97}.Debug|Any CPU.ActiveCfg = Debug|Any CPU
		{39498FC8-E1F4-4FED-811C-2F16A3FC5E97}.Debug|Any CPU.Build.0 = Debug|Any CPU
		{39498FC8-E1F4-4FED-811C-2F16A3FC5E97}.Release|Any CPU.ActiveCfg = Release|Any CPU
		{39498FC8-E1F4-4FED-811C-2F16A3FC5E97}.Release|Any CPU.Build.0 = Release|Any CPU
	EndGlobalSection
	GlobalSection(SolutionProperties) = preSolution
		HideSolutionNode = FALSE
	EndGlobalSection
	GlobalSection(ExtensibilityGlobals) = postSolution
		SolutionGuid = {CDD15B52-D18D-47DA-BBA2-F6BEF44B364C}
	EndGlobalSection
EndGlobal
